
Microsoft Visual Studio Solution File, Format Version 12.00
# Visual Studio 2012
Project("{FAE04EC0-301F-11D3-BF4B-00C04F79EFBC}") = "Pear.Api", "Pear.Api\Pear.Api.csproj", "{5E96AE33-AEE2-4943-A490-D2690E126E71}"
EndProject
Project("{FAE04EC0-301F-11D3-BF4B-00C04F79EFBC}") = "Pear.Entity", "Pear.Entity\Pear.Entity.csproj", "{A794CFDE-56D8-4882-9885-078CB4FCA166}"
EndProject
Project("{FAE04EC0-301F-11D3-BF4B-00C04F79EFBC}") = "Pear.Utility", "Pear.Utility\Pear.Utility.csproj", "{1278C50A-67E4-47E6-8A19-7FDDB865C423}"
EndProject
Global
	GlobalSection(SubversionScc) = preSolution
		Svn-Managed = True
		Manager = AnkhSVN - Subversion Support for Visual Studio
	EndGlobalSection
	GlobalSection(SolutionConfigurationPlatforms) = preSolution
		Debug|Any CPU = Debug|Any CPU
		Release|Any CPU = Release|Any CPU
	EndGlobalSection
	GlobalSection(ProjectConfigurationPlatforms) = postSolution
		{5E96AE33-AEE2-4943-A490-D2690E126E71}.Debug|Any CPU.ActiveCfg = Debug|Any CPU
		{5E96AE33-AEE2-4943-A490-D2690E126E71}.Debug|Any CPU.Build.0 = Debug|Any CPU
		{5E96AE33-AEE2-4943-A490-D2690E126E71}.Release|Any CPU.ActiveCfg = Release|Any CPU
		{5E96AE33-AEE2-4943-A490-D2690E126E71}.Release|Any CPU.Build.0 = Release|Any CPU
		{A794CFDE-56D8-4882-9885-078CB4FCA166}.Debug|Any CPU.ActiveCfg = Debug|Any CPU
		{A794CFDE-56D8-4882-9885-078CB4FCA166}.Debug|Any CPU.Build.0 = Debug|Any CPU
		{A794CFDE-56D8-4882-9885-078CB4FCA166}.Release|Any CPU.ActiveCfg = Release|Any CPU
		{A794CFDE-56D8-4882-9885-078CB4FCA166}.Release|Any CPU.Build.0 = Release|Any CPU
		{1278C50A-67E4-47E6-8A19-7FDDB865C423}.Debug|Any CPU.ActiveCfg = Debug|Any CPU
		{1278C50A-67E4-47E6-8A19-7FDDB865C423}.Debug|Any CPU.Build.0 = Debug|Any CPU
		{1278C50A-67E4-47E6-8A19-7FDDB865C423}.Release|Any CPU.ActiveCfg = Release|Any CPU
		{1278C50A-67E4-47E6-8A19-7FDDB865C423}.Release|Any CPU.Build.0 = Release|Any CPU
	EndGlobalSection
	GlobalSection(SolutionProperties) = preSolution
		HideSolutionNode = FALSE
	EndGlobalSection
EndGlobal
